
Microsoft Visual Studio Solution File, Format Version 12.00
# Visual Studio Version 16
VisualStudioVersion = 16.0.29709.97
MinimumVisualStudioVersion = 10.0.40219.1
Project("{FAE04EC0-301F-11D3-BF4B-00C04F79EFBC}") = "SolarApp", "SolarApp\SolarApp.csproj", "{DD2A46C0-1368-4795-B259-D93F7D278692}"
EndProject
Global
	GlobalSection(SolutionConfigurationPlatforms) = preSolution
		Debug|Any CPU = Debug|Any CPU
		Release|Any CPU = Release|Any CPU
	EndGlobalSection
	GlobalSection(ProjectConfigurationPlatforms) = postSolution
		{DD2A46C0-1368-4795-B259-D93F7D278692}.Debug|Any CPU.ActiveCfg = Debug|Any CPU
		{DD2A46C0-1368-4795-B259-D93F7D278692}.Debug|Any CPU.Build.0 = Debug|Any CPU
		{DD2A46C0-1368-4795-B259-D93F7D278692}.Release|Any CPU.ActiveCfg = Release|Any CPU
		{DD2A46C0-1368-4795-B259-D93F7D278692}.Release|Any CPU.Build.0 = Release|Any CPU
	EndGlobalSection
	GlobalSection(SolutionProperties) = preSolution
		HideSolutionNode = FALSE
	EndGlobalSection
	GlobalSection(ExtensibilityGlobals) = postSolution
		SolutionGuid = {193584DF-9405-418D-AB01-EA2FB5C04BE5}
	EndGlobalSection
EndGlobal
